
Microsoft Visual Studio Solution File, Format Version 12.00
# Visual Studio Version 16
VisualStudioVersion = 16.0.31129.286
MinimumVisualStudioVersion = 10.0.40219.1
Project("{2150E333-8FDC-42A3-9474-1A3956D46DE8}") = "Web", "Web", "{B6394F14-1E7B-4B9F-AFF5-596ECAB9BD71}"
EndProject
Project("{2150E333-8FDC-42A3-9474-1A3956D46DE8}") = "Data", "Data", "{170D7BA5-86F9-4AD6-9FCF-DE135DEBEAE1}"
EndProject
Project("{2150E333-8FDC-42A3-9474-1A3956D46DE8}") = "Services", "Services", "{503B424D-266B-457C-A12F-69152C25E17B}"
EndProject
Project("{2150E333-8FDC-42A3-9474-1A3956D46DE8}") = "Common", "Common", "{181D907E-441D-4AB1-A02C-46A9D83BEE08}"
EndProject
Project("{9A19103F-16F7-4668-BE54-9A1E7A4F7556}") = "BoilerPlate.Data", "BoilerPlate.Data\BoilerPlate.Data.csproj", "{F02EE661-50C9-4E32-A866-3435E684D38A}"
EndProject
Project("{9A19103F-16F7-4668-BE54-9A1E7A4F7556}") = "BoilerPlate.Data.Contract", "BoilerPlate.Data.Contract\BoilerPlate.Data.Contract.csproj", "{F9AFCD4C-50FB-43C5-AC55-8CA746CF7227}"
EndProject
Project("{9A19103F-16F7-4668-BE54-9A1E7A4F7556}") = "BoilerPlate.Data.Entities", "BoilerPlate.Data.Entities\BoilerPlate.Data.Entities.csproj", "{3BE2E9F7-4A44-4059-A566-EA4E1A0CC72A}"
EndProject
Project("{9A19103F-16F7-4668-BE54-9A1E7A4F7556}") = "BoilerPlate.Service", "BoilerPlate.Service\BoilerPlate.Service.csproj", "{4255832C-3BA1-4BFC-B550-BC6E2B64D8AD}"
EndProject
Project("{9A19103F-16F7-4668-BE54-9A1E7A4F7556}") = "BoilerPlate.Service.Contract", "BoilerPlate.Service.Contract\BoilerPlate.Service.Contract.csproj", "{9F57FECD-7351-4538-9514-31A74364633F}"
EndProject
Project("{9A19103F-16F7-4668-BE54-9A1E7A4F7556}") = "BoilerPlate.Service.Entities", "BoilerPlate.Service.Entities\BoilerPlate.Service.Entities.csproj", "{1C5E97CD-CCE2-49E1-BE19-D9336D12DB9C}"
EndProject
Project("{9A19103F-16F7-4668-BE54-9A1E7A4F7556}") = "BoilerPlate.Utils", "BoilerPlate.Utils\BoilerPlate.Utils.csproj", "{CDB875F3-05F6-44B4-B0AD-DCADDFA98744}"
EndProject
Project("{9A19103F-16F7-4668-BE54-9A1E7A4F7556}") = "BoilerPlate.Bootstrapper", "BoilerPlate.Bootstrapper\BoilerPlate.Bootstrapper.csproj", "{C3AF4056-E91A-4E24-80D0-232814B01260}"
EndProject
Project("{9A19103F-16F7-4668-BE54-9A1E7A4F7556}") = "BoilerPlate.Web", "BoilerPlate.Web\BoilerPlate.Web.csproj", "{910A2C31-FB81-4DBA-8419-2C77CFE86BDA}"
EndProject
Project("{9A19103F-16F7-4668-BE54-9A1E7A4F7556}") = "BoilerPlate.Web.Entities", "BoilerPlate.Web.Entities\BoilerPlate.Web.Entities.csproj", "{5CA154A4-90A5-4DCC-8CA6-E9A2D982C6C2}"
EndProject
Project("{2150E333-8FDC-42A3-9474-1A3956D46DE8}") = "Test", "Test", "{4F4F788C-4F64-4209-A305-F50E946F23E3}"
EndProject
Project("{FAE04EC0-301F-11D3-BF4B-00C04F79EFBC}") = "BoilerPlate.Test", "BoilerPlate.Test\BoilerPlate.Test.csproj", "{B3ECE1DF-6999-4773-8056-890CF87DEF6B}"
EndProject
Global
	GlobalSection(SolutionConfigurationPlatforms) = preSolution
		Debug|Any CPU = Debug|Any CPU
		Release|Any CPU = Release|Any CPU
	EndGlobalSection
	GlobalSection(ProjectConfigurationPlatforms) = postSolution
		{F02EE661-50C9-4E32-A866-3435E684D38A}.Debug|Any CPU.ActiveCfg = Debug|Any CPU
		{F02EE661-50C9-4E32-A866-3435E684D38A}.Debug|Any CPU.Build.0 = Debug|Any CPU
		{F02EE661-50C9-4E32-A866-3435E684D38A}.Release|Any CPU.ActiveCfg = Release|Any CPU
		{F02EE661-50C9-4E32-A866-3435E684D38A}.Release|Any CPU.Build.0 = Release|Any CPU
		{F9AFCD4C-50FB-43C5-AC55-8CA746CF7227}.Debug|Any CPU.ActiveCfg = Debug|Any CPU
		{F9AFCD4C-50FB-43C5-AC55-8CA746CF7227}.Debug|Any CPU.Build.0 = Debug|Any CPU
		{F9AFCD4C-50FB-43C5-AC55-8CA746CF7227}.Release|Any CPU.ActiveCfg = Release|Any CPU
		{F9AFCD4C-50FB-43C5-AC55-8CA746CF7227}.Release|Any CPU.Build.0 = Release|Any CPU
		{3BE2E9F7-4A44-4059-A566-EA4E1A0CC72A}.Debug|Any CPU.ActiveCfg = Debug|Any CPU
		{3BE2E9F7-4A44-4059-A566-EA4E1A0CC72A}.Debug|Any CPU.Build.0 = Debug|Any CPU
		{3BE2E9F7-4A44-4059-A566-EA4E1A0CC72A}.Release|Any CPU.ActiveCfg = Release|Any CPU
		{3BE2E9F7-4A44-4059-A566-EA4E1A0CC72A}.Release|Any CPU.Build.0 = Release|Any CPU
		{4255832C-3BA1-4BFC-B550-BC6E2B64D8AD}.Debug|Any CPU.ActiveCfg = Debug|Any CPU
		{4255832C-3BA1-4BFC-B550-BC6E2B64D8AD}.Debug|Any CPU.Build.0 = Debug|Any CPU
		{4255832C-3BA1-4BFC-B550-BC6E2B64D8AD}.Release|Any CPU.ActiveCfg = Release|Any CPU
		{4255832C-3BA1-4BFC-B550-BC6E2B64D8AD}.Release|Any CPU.Build.0 = Release|Any CPU
		{9F57FECD-7351-4538-9514-31A74364633F}.Debug|Any CPU.ActiveCfg = Debug|Any CPU
		{9F57FECD-7351-4538-9514-31A74364633F}.Debug|Any CPU.Build.0 = Debug|Any CPU
		{9F57FECD-7351-4538-9514-31A74364633F}.Release|Any CPU.ActiveCfg = Release|Any CPU
		{9F57FECD-7351-4538-9514-31A74364633F}.Release|Any CPU.Build.0 = Release|Any CPU
		{1C5E97CD-CCE2-49E1-BE19-D9336D12DB9C}.Debug|Any CPU.ActiveCfg = Debug|Any CPU
		{1C5E97CD-CCE2-49E1-BE19-D9336D12DB9C}.Debug|Any CPU.Build.0 = Debug|Any CPU
		{1C5E97CD-CCE2-49E1-BE19-D9336D12DB9C}.Release|Any CPU.ActiveCfg = Release|Any CPU
		{1C5E97CD-CCE2-49E1-BE19-D9336D12DB9C}.Release|Any CPU.Build.0 = Release|Any CPU
		{CDB875F3-05F6-44B4-B0AD-DCADDFA98744}.Debug|Any CPU.ActiveCfg = Debug|Any CPU
		{CDB875F3-05F6-44B4-B0AD-DCADDFA98744}.Debug|Any CPU.Build.0 = Debug|Any CPU
		{CDB875F3-05F6-44B4-B0AD-DCADDFA98744}.Release|Any CPU.ActiveCfg = Release|Any CPU
		{CDB875F3-05F6-44B4-B0AD-DCADDFA98744}.Release|Any CPU.Build.0 = Release|Any CPU
		{C3AF4056-E91A-4E24-80D0-232814B01260}.Debug|Any CPU.ActiveCfg = Debug|Any CPU
		{C3AF4056-E91A-4E24-80D0-232814B01260}.Debug|Any CPU.Build.0 = Debug|Any CPU
		{C3AF4056-E91A-4E24-80D0-232814B01260}.Release|Any CPU.ActiveCfg = Release|Any CPU
		{C3AF4056-E91A-4E24-80D0-232814B01260}.Release|Any CPU.Build.0 = Release|Any CPU
		{910A2C31-FB81-4DBA-8419-2C77CFE86BDA}.Debug|Any CPU.ActiveCfg = Debug|Any CPU
		{910A2C31-FB81-4DBA-8419-2C77CFE86BDA}.Debug|Any CPU.Build.0 = Debug|Any CPU
		{910A2C31-FB81-4DBA-8419-2C77CFE86BDA}.Release|Any CPU.ActiveCfg = Release|Any CPU
		{910A2C31-FB81-4DBA-8419-2C77CFE86BDA}.Release|Any CPU.Build.0 = Release|Any CPU
		{5CA154A4-90A5-4DCC-8CA6-E9A2D982C6C2}.Debug|Any CPU.ActiveCfg = Debug|Any CPU
		{5CA154A4-90A5-4DCC-8CA6-E9A2D982C6C2}.Debug|Any CPU.Build.0 = Debug|Any CPU
		{5CA154A4-90A5-4DCC-8CA6-E9A2D982C6C2}.Release|Any CPU.ActiveCfg = Release|Any CPU
		{5CA154A4-90A5-4DCC-8CA6-E9A2D982C6C2}.Release|Any CPU.Build.0 = Release|Any CPU
		{B3ECE1DF-6999-4773-8056-890CF87DEF6B}.Debug|Any CPU.ActiveCfg = Debug|Any CPU
		{B3ECE1DF-6999-4773-8056-890CF87DEF6B}.Debug|Any CPU.Build.0 = Debug|Any CPU
		{B3ECE1DF-6999-4773-8056-890CF87DEF6B}.Release|Any CPU.ActiveCfg = Release|Any CPU
		{B3ECE1DF-6999-4773-8056-890CF87DEF6B}.Release|Any CPU.Build.0 = Release|Any CPU
	EndGlobalSection
	GlobalSection(SolutionProperties) = preSolution
		HideSolutionNode = FALSE
	EndGlobalSection
	GlobalSection(NestedProjects) = preSolution
		{F02EE661-50C9-4E32-A866-3435E684D38A} = {170D7BA5-86F9-4AD6-9FCF-DE135DEBEAE1}
		{F9AFCD4C-50FB-43C5-AC55-8CA746CF7227} = {170D7BA5-86F9-4AD6-9FCF-DE135DEBEAE1}
		{3BE2E9F7-4A44-4059-A566-EA4E1A0CC72A} = {170D7BA5-86F9-4AD6-9FCF-DE135DEBEAE1}
		{4255832C-3BA1-4BFC-B550-BC6E2B64D8AD} = {503B424D-266B-457C-A12F-69152C25E17B}
		{9F57FECD-7351-4538-9514-31A74364633F} = {503B424D-266B-457C-A12F-69152C25E17B}
		{1C5E97CD-CCE2-49E1-BE19-D9336D12DB9C} = {503B424D-266B-457C-A12F-69152C25E17B}
		{CDB875F3-05F6-44B4-B0AD-DCADDFA98744} = {181D907E-441D-4AB1-A02C-46A9D83BEE08}
		{C3AF4056-E91A-4E24-80D0-232814B01260} = {181D907E-441D-4AB1-A02C-46A9D83BEE08}
		{910A2C31-FB81-4DBA-8419-2C77CFE86BDA} = {B6394F14-1E7B-4B9F-AFF5-596ECAB9BD71}
		{5CA154A4-90A5-4DCC-8CA6-E9A2D982C6C2} = {B6394F14-1E7B-4B9F-AFF5-596ECAB9BD71}
		{B3ECE1DF-6999-4773-8056-890CF87DEF6B} = {4F4F788C-4F64-4209-A305-F50E946F23E3}
	EndGlobalSection
	GlobalSection(ExtensibilityGlobals) = postSolution
		SolutionGuid = {2A15069D-4D23-41BF-BC11-0A5487E96D93}
	EndGlobalSection
EndGlobal
